
Microsoft Visual Studio Solution File, Format Version 12.00
# Visual Studio Version 17
VisualStudioVersion = 17.1.32421.90
MinimumVisualStudioVersion = 10.0.40219.1
Project("{FAE04EC0-301F-11D3-BF4B-00C04F79EFBC}") = "AlunosApi", "AlunosApi\AlunosApi.csproj", "{F7697562-B85A-46F2-A03D-930F6B90B9FC}"
EndProject
Global
	GlobalSection(SolutionConfigurationPlatforms) = preSolution
		Debug|Any CPU = Debug|Any CPU
		Release|Any CPU = Release|Any CPU
	EndGlobalSection
	GlobalSection(ProjectConfigurationPlatforms) = postSolution
		{F7697562-B85A-46F2-A03D-930F6B90B9FC}.Debug|Any CPU.ActiveCfg = Debug|Any CPU
		{F7697562-B85A-46F2-A03D-930F6B90B9FC}.Debug|Any CPU.Build.0 = Debug|Any CPU
		{F7697562-B85A-46F2-A03D-930F6B90B9FC}.Release|Any CPU.ActiveCfg = Release|Any CPU
		{F7697562-B85A-46F2-A03D-930F6B90B9FC}.Release|Any CPU.Build.0 = Release|Any CPU
	EndGlobalSection
	GlobalSection(SolutionProperties) = preSolution
		HideSolutionNode = FALSE
	EndGlobalSection
	GlobalSection(ExtensibilityGlobals) = postSolution
		SolutionGuid = {50304174-6DA9-4EF8-B658-7D2969875946}
	EndGlobalSection
EndGlobal
